
Microsoft Visual Studio Solution File, Format Version 12.00
# Visual Studio Version 17
VisualStudioVersion = 17.10.34928.147
MinimumVisualStudioVersion = 10.0.40219.1
Project("{9A19103F-16F7-4668-BE54-9A1E7A4F7556}") = "Doppler.PushContact", "Doppler.PushContact\Doppler.PushContact.csproj", "{F7ECF2EB-1BA6-4C7A-9AB4-E0DCCF73FC51}"
EndProject
Project("{9A19103F-16F7-4668-BE54-9A1E7A4F7556}") = "Doppler.PushContact.Test", "Doppler.PushContact.Test\Doppler.PushContact.Test.csproj", "{BF93AC59-A63E-4CA7-AE6C-DC68C78AF452}"
EndProject
Project("{2150E333-8FDC-42A3-9474-1A3956D46DE8}") = "Misc Files", "Misc Files", "{4C1D88F2-4DAF-456F-A72E-7A4AEB942A6C}"
	ProjectSection(SolutionItems) = preProject
		.dockerignore = .dockerignore
		.editorconfig = .editorconfig
		.gitattributes = .gitattributes
		.gitignore = .gitignore
		.prettierignore = .prettierignore
		docs\add-new-push-contact-sd.png = docs\add-new-push-contact-sd.png
		api-contracts.http = api-contracts.http
		backing-services-stack.yml = backing-services-stack.yml
		build-n-publish.sh = build-n-publish.sh
		demo.http = demo.http
		Dockerfile = Dockerfile
		doppler-jenkins-ci.groovy = doppler-jenkins-ci.groovy
		package.json = package.json
		README.md = README.md
		docs\send-push-notification-from-doppler-by-domain.png = docs\send-push-notification-from-doppler-by-domain.png
		verify-w-docker.sh = verify-w-docker.sh
	EndProjectSection
EndProject
Project("{9A19103F-16F7-4668-BE54-9A1E7A4F7556}") = "Doppler.PushContact.QueuingService", "Doppler.PushContact.QueuingService\Doppler.PushContact.QueuingService.csproj", "{D7EB0F28-2D96-4F82-B22D-297828BBA830}"
EndProject
Project("{9A19103F-16F7-4668-BE54-9A1E7A4F7556}") = "Doppler.PushContact.WebPushSender", "Doppler.PushContact.WebPushSender\Doppler.PushContact.WebPushSender.csproj", "{DE7A0903-F180-442C-A456-4595BF87A6DE}"
EndProject
Project("{FAE04EC0-301F-11D3-BF4B-00C04F79EFBC}") = "Doppler.PushContact.WebPushSender.Test", "Doppler.PushContact.WebPushSender.Test\Doppler.PushContact.WebPushSender.Test.csproj", "{15B9F4C3-CC46-4B93-94DE-32FD7B0A1D7C}"
EndProject
Global
	GlobalSection(SolutionConfigurationPlatforms) = preSolution
		Debug|Any CPU = Debug|Any CPU
		Debug|x64 = Debug|x64
		Debug|x86 = Debug|x86
		Release|Any CPU = Release|Any CPU
		Release|x64 = Release|x64
		Release|x86 = Release|x86
	EndGlobalSection
	GlobalSection(ProjectConfigurationPlatforms) = postSolution
		{F7ECF2EB-1BA6-4C7A-9AB4-E0DCCF73FC51}.Debug|Any CPU.ActiveCfg = Debug|Any CPU
		{F7ECF2EB-1BA6-4C7A-9AB4-E0DCCF73FC51}.Debug|Any CPU.Build.0 = Debug|Any CPU
		{F7ECF2EB-1BA6-4C7A-9AB4-E0DCCF73FC51}.Debug|x64.ActiveCfg = Debug|Any CPU
		{F7ECF2EB-1BA6-4C7A-9AB4-E0DCCF73FC51}.Debug|x64.Build.0 = Debug|Any CPU
		{F7ECF2EB-1BA6-4C7A-9AB4-E0DCCF73FC51}.Debug|x86.ActiveCfg = Debug|Any CPU
		{F7ECF2EB-1BA6-4C7A-9AB4-E0DCCF73FC51}.Debug|x86.Build.0 = Debug|Any CPU
		{F7ECF2EB-1BA6-4C7A-9AB4-E0DCCF73FC51}.Release|Any CPU.ActiveCfg = Release|Any CPU
		{F7ECF2EB-1BA6-4C7A-9AB4-E0DCCF73FC51}.Release|Any CPU.Build.0 = Release|Any CPU
		{F7ECF2EB-1BA6-4C7A-9AB4-E0DCCF73FC51}.Release|x64.ActiveCfg = Release|Any CPU
		{F7ECF2EB-1BA6-4C7A-9AB4-E0DCCF73FC51}.Release|x64.Build.0 = Release|Any CPU
		{F7ECF2EB-1BA6-4C7A-9AB4-E0DCCF73FC51}.Release|x86.ActiveCfg = Release|Any CPU
		{F7ECF2EB-1BA6-4C7A-9AB4-E0DCCF73FC51}.Release|x86.Build.0 = Release|Any CPU
		{BF93AC59-A63E-4CA7-AE6C-DC68C78AF452}.Debug|Any CPU.ActiveCfg = Debug|Any CPU
		{BF93AC59-A63E-4CA7-AE6C-DC68C78AF452}.Debug|Any CPU.Build.0 = Debug|Any CPU
		{BF93AC59-A63E-4CA7-AE6C-DC68C78AF452}.Debug|x64.ActiveCfg = Debug|Any CPU
		{BF93AC59-A63E-4CA7-AE6C-DC68C78AF452}.Debug|x64.Build.0 = Debug|Any CPU
		{BF93AC59-A63E-4CA7-AE6C-DC68C78AF452}.Debug|x86.ActiveCfg = Debug|Any CPU
		{BF93AC59-A63E-4CA7-AE6C-DC68C78AF452}.Debug|x86.Build.0 = Debug|Any CPU
		{BF93AC59-A63E-4CA7-AE6C-DC68C78AF452}.Release|Any CPU.ActiveCfg = Release|Any CPU
		{BF93AC59-A63E-4CA7-AE6C-DC68C78AF452}.Release|Any CPU.Build.0 = Release|Any CPU
		{BF93AC59-A63E-4CA7-AE6C-DC68C78AF452}.Release|x64.ActiveCfg = Release|Any CPU
		{BF93AC59-A63E-4CA7-AE6C-DC68C78AF452}.Release|x64.Build.0 = Release|Any CPU
		{BF93AC59-A63E-4CA7-AE6C-DC68C78AF452}.Release|x86.ActiveCfg = Release|Any CPU
		{BF93AC59-A63E-4CA7-AE6C-DC68C78AF452}.Release|x86.Build.0 = Release|Any CPU
		{D7EB0F28-2D96-4F82-B22D-297828BBA830}.Debug|Any CPU.ActiveCfg = Debug|Any CPU
		{D7EB0F28-2D96-4F82-B22D-297828BBA830}.Debug|Any CPU.Build.0 = Debug|Any CPU
		{D7EB0F28-2D96-4F82-B22D-297828BBA830}.Debug|x64.ActiveCfg = Debug|Any CPU
		{D7EB0F28-2D96-4F82-B22D-297828BBA830}.Debug|x64.Build.0 = Debug|Any CPU
		{D7EB0F28-2D96-4F82-B22D-297828BBA830}.Debug|x86.ActiveCfg = Debug|Any CPU
		{D7EB0F28-2D96-4F82-B22D-297828BBA830}.Debug|x86.Build.0 = Debug|Any CPU
		{D7EB0F28-2D96-4F82-B22D-297828BBA830}.Release|Any CPU.ActiveCfg = Release|Any CPU
		{D7EB0F28-2D96-4F82-B22D-297828BBA830}.Release|Any CPU.Build.0 = Release|Any CPU
		{D7EB0F28-2D96-4F82-B22D-297828BBA830}.Release|x64.ActiveCfg = Release|Any CPU
		{D7EB0F28-2D96-4F82-B22D-297828BBA830}.Release|x64.Build.0 = Release|Any CPU
		{D7EB0F28-2D96-4F82-B22D-297828BBA830}.Release|x86.ActiveCfg = Release|Any CPU
		{D7EB0F28-2D96-4F82-B22D-297828BBA830}.Release|x86.Build.0 = Release|Any CPU
		{DE7A0903-F180-442C-A456-4595BF87A6DE}.Debug|Any CPU.ActiveCfg = Debug|Any CPU
		{DE7A0903-F180-442C-A456-4595BF87A6DE}.Debug|Any CPU.Build.0 = Debug|Any CPU
		{DE7A0903-F180-442C-A456-4595BF87A6DE}.Debug|x64.ActiveCfg = Debug|Any CPU
		{DE7A0903-F180-442C-A456-4595BF87A6DE}.Debug|x64.Build.0 = Debug|Any CPU
		{DE7A0903-F180-442C-A456-4595BF87A6DE}.Debug|x86.ActiveCfg = Debug|Any CPU
		{DE7A0903-F180-442C-A456-4595BF87A6DE}.Debug|x86.Build.0 = Debug|Any CPU
		{DE7A0903-F180-442C-A456-4595BF87A6DE}.Release|Any CPU.ActiveCfg = Release|Any CPU
		{DE7A0903-F180-442C-A456-4595BF87A6DE}.Release|Any CPU.Build.0 = Release|Any CPU
		{DE7A0903-F180-442C-A456-4595BF87A6DE}.Release|x64.ActiveCfg = Release|Any CPU
		{DE7A0903-F180-442C-A456-4595BF87A6DE}.Release|x64.Build.0 = Release|Any CPU
		{DE7A0903-F180-442C-A456-4595BF87A6DE}.Release|x86.ActiveCfg = Release|Any CPU
		{DE7A0903-F180-442C-A456-4595BF87A6DE}.Release|x86.Build.0 = Release|Any CPU
		{15B9F4C3-CC46-4B93-94DE-32FD7B0A1D7C}.Debug|Any CPU.ActiveCfg = Debug|Any CPU
		{15B9F4C3-CC46-4B93-94DE-32FD7B0A1D7C}.Debug|Any CPU.Build.0 = Debug|Any CPU
		{15B9F4C3-CC46-4B93-94DE-32FD7B0A1D7C}.Debug|x64.ActiveCfg = Debug|Any CPU
		{15B9F4C3-CC46-4B93-94DE-32FD7B0A1D7C}.Debug|x64.Build.0 = Debug|Any CPU
		{15B9F4C3-CC46-4B93-94DE-32FD7B0A1D7C}.Debug|x86.ActiveCfg = Debug|Any CPU
		{15B9F4C3-CC46-4B93-94DE-32FD7B0A1D7C}.Debug|x86.Build.0 = Debug|Any CPU
		{15B9F4C3-CC46-4B93-94DE-32FD7B0A1D7C}.Release|Any CPU.ActiveCfg = Release|Any CPU
		{15B9F4C3-CC46-4B93-94DE-32FD7B0A1D7C}.Release|Any CPU.Build.0 = Release|Any CPU
		{15B9F4C3-CC46-4B93-94DE-32FD7B0A1D7C}.Release|x64.ActiveCfg = Release|Any CPU
		{15B9F4C3-CC46-4B93-94DE-32FD7B0A1D7C}.Release|x64.Build.0 = Release|Any CPU
		{15B9F4C3-CC46-4B93-94DE-32FD7B0A1D7C}.Release|x86.ActiveCfg = Release|Any CPU
		{15B9F4C3-CC46-4B93-94DE-32FD7B0A1D7C}.Release|x86.Build.0 = Release|Any CPU
	EndGlobalSection
	GlobalSection(SolutionProperties) = preSolution
		HideSolutionNode = FALSE
	EndGlobalSection
	GlobalSection(ExtensibilityGlobals) = postSolution
		SolutionGuid = {D0BD6FBB-6562-4F69-944E-95262772B25A}
	EndGlobalSection
EndGlobal
